
Microsoft Visual Studio Solution File, Format Version 12.00
# Visual Studio Version 17
VisualStudioVersion = 17.3.32825.248
MinimumVisualStudioVersion = 10.0.40219.1
Project("{2150E333-8FDC-42A3-9474-1A3956D46DE8}") = "kentxxq.Templates.Aspnetcore", "kentxxq.Templates.Aspnetcore", "{98F15998-A1F8-484B-95BD-1D2B7D01CD0E}"
EndProject
Project("{9A19103F-16F7-4668-BE54-9A1E7A4F7556}") = "kentxxq.Templates.Aspnetcore.Webapi", "src\kentxxq.Templates.Aspnetcore\kentxxq.Templates.Aspnetcore.Webapi\kentxxq.Templates.Aspnetcore.Webapi.csproj", "{5C199042-75F9-4088-86AA-9E99D2CCFE4F}"
EndProject
Project("{9A19103F-16F7-4668-BE54-9A1E7A4F7556}") = "kentxxq.Templates.Aspnetcore.DB", "src\kentxxq.Templates.Aspnetcore\kentxxq.Templates.Aspnetcore.DB\kentxxq.Templates.Aspnetcore.DB.csproj", "{344039AC-2C6B-4359-9BAA-00FAB699CF98}"
EndProject
Project("{9A19103F-16F7-4668-BE54-9A1E7A4F7556}") = "kentxxq.Templates.Aspnetcore.DBManager", "src\kentxxq.Templates.Aspnetcore\kentxxq.Templates.Aspnetcore.DBManager\kentxxq.Templates.Aspnetcore.DBManager.csproj", "{A3E2EB3A-ADBE-4BB4-93C7-E4665686CD05}"
EndProject
Project("{2150E333-8FDC-42A3-9474-1A3956D46DE8}") = "kentxxq.Templates.Blazor", "kentxxq.Templates.Blazor", "{D4E60D38-F08D-4CE1-8863-F6BEB935E365}"
EndProject
Project("{FAE04EC0-301F-11D3-BF4B-00C04F79EFBC}") = "kentxxq.Templates.Blazor.Web.Server", "src\kentxxq.Templates.Blazor\kentxxq.Templates.Blazor.Web\Server\kentxxq.Templates.Blazor.Web.Server.csproj", "{FD7C3277-2774-4B50-B031-6EBC3730DFA9}"
EndProject
Project("{FAE04EC0-301F-11D3-BF4B-00C04F79EFBC}") = "kentxxq.Templates.Blazor.Web.Client", "src\kentxxq.Templates.Blazor\kentxxq.Templates.Blazor.Web\Client\kentxxq.Templates.Blazor.Web.Client.csproj", "{1BC3BC5C-705A-4C8B-BCBD-8B90242E0A08}"
EndProject
Project("{FAE04EC0-301F-11D3-BF4B-00C04F79EFBC}") = "kentxxq.Templates.Blazor.Web.Shared", "src\kentxxq.Templates.Blazor\kentxxq.Templates.Blazor.Web\Shared\kentxxq.Templates.Blazor.Web.Shared.csproj", "{D7A7C9E4-A0B8-4D3F-A580-27382B11C1BD}"
EndProject
Project("{FAE04EC0-301F-11D3-BF4B-00C04F79EFBC}") = "kentxxq.Templates.Blazor.UI", "src\kentxxq.Templates.Blazor\kentxxq.Templates.Blazor.UI\kentxxq.Templates.Blazor.UI.csproj", "{4F6B29D3-B607-4F5A-9C0C-37ED5CD70599}"
EndProject
Project("{FAE04EC0-301F-11D3-BF4B-00C04F79EFBC}") = "kentxxq.Templates.Blazor.Native", "src\kentxxq.Templates.Blazor\kentxxq.Templates.Blazor.Native\kentxxq.Templates.Blazor.Native.csproj", "{665CC416-6924-4212-A9DB-5D2C90FDD4AC}"
EndProject
Global
	GlobalSection(SolutionConfigurationPlatforms) = preSolution
		Debug|Any CPU = Debug|Any CPU
		Release|Any CPU = Release|Any CPU
	EndGlobalSection
	GlobalSection(ProjectConfigurationPlatforms) = postSolution
		{5C199042-75F9-4088-86AA-9E99D2CCFE4F}.Debug|Any CPU.ActiveCfg = Debug|Any CPU
		{5C199042-75F9-4088-86AA-9E99D2CCFE4F}.Debug|Any CPU.Build.0 = Debug|Any CPU
		{5C199042-75F9-4088-86AA-9E99D2CCFE4F}.Release|Any CPU.ActiveCfg = Release|Any CPU
		{5C199042-75F9-4088-86AA-9E99D2CCFE4F}.Release|Any CPU.Build.0 = Release|Any CPU
		{344039AC-2C6B-4359-9BAA-00FAB699CF98}.Debug|Any CPU.ActiveCfg = Debug|Any CPU
		{344039AC-2C6B-4359-9BAA-00FAB699CF98}.Debug|Any CPU.Build.0 = Debug|Any CPU
		{344039AC-2C6B-4359-9BAA-00FAB699CF98}.Release|Any CPU.ActiveCfg = Release|Any CPU
		{344039AC-2C6B-4359-9BAA-00FAB699CF98}.Release|Any CPU.Build.0 = Release|Any CPU
		{A3E2EB3A-ADBE-4BB4-93C7-E4665686CD05}.Debug|Any CPU.ActiveCfg = Debug|Any CPU
		{A3E2EB3A-ADBE-4BB4-93C7-E4665686CD05}.Debug|Any CPU.Build.0 = Debug|Any CPU
		{A3E2EB3A-ADBE-4BB4-93C7-E4665686CD05}.Release|Any CPU.ActiveCfg = Release|Any CPU
		{A3E2EB3A-ADBE-4BB4-93C7-E4665686CD05}.Release|Any CPU.Build.0 = Release|Any CPU
		{FD7C3277-2774-4B50-B031-6EBC3730DFA9}.Debug|Any CPU.ActiveCfg = Debug|Any CPU
		{FD7C3277-2774-4B50-B031-6EBC3730DFA9}.Debug|Any CPU.Build.0 = Debug|Any CPU
		{FD7C3277-2774-4B50-B031-6EBC3730DFA9}.Release|Any CPU.ActiveCfg = Release|Any CPU
		{FD7C3277-2774-4B50-B031-6EBC3730DFA9}.Release|Any CPU.Build.0 = Release|Any CPU
		{1BC3BC5C-705A-4C8B-BCBD-8B90242E0A08}.Debug|Any CPU.ActiveCfg = Debug|Any CPU
		{1BC3BC5C-705A-4C8B-BCBD-8B90242E0A08}.Debug|Any CPU.Build.0 = Debug|Any CPU
		{1BC3BC5C-705A-4C8B-BCBD-8B90242E0A08}.Release|Any CPU.ActiveCfg = Release|Any CPU
		{1BC3BC5C-705A-4C8B-BCBD-8B90242E0A08}.Release|Any CPU.Build.0 = Release|Any CPU
		{D7A7C9E4-A0B8-4D3F-A580-27382B11C1BD}.Debug|Any CPU.ActiveCfg = Debug|Any CPU
		{D7A7C9E4-A0B8-4D3F-A580-27382B11C1BD}.Debug|Any CPU.Build.0 = Debug|Any CPU
		{D7A7C9E4-A0B8-4D3F-A580-27382B11C1BD}.Release|Any CPU.ActiveCfg = Release|Any CPU
		{D7A7C9E4-A0B8-4D3F-A580-27382B11C1BD}.Release|Any CPU.Build.0 = Release|Any CPU
		{4F6B29D3-B607-4F5A-9C0C-37ED5CD70599}.Debug|Any CPU.ActiveCfg = Debug|Any CPU
		{4F6B29D3-B607-4F5A-9C0C-37ED5CD70599}.Debug|Any CPU.Build.0 = Debug|Any CPU
		{4F6B29D3-B607-4F5A-9C0C-37ED5CD70599}.Release|Any CPU.ActiveCfg = Release|Any CPU
		{4F6B29D3-B607-4F5A-9C0C-37ED5CD70599}.Release|Any CPU.Build.0 = Release|Any CPU
		{665CC416-6924-4212-A9DB-5D2C90FDD4AC}.Debug|Any CPU.ActiveCfg = Debug|Any CPU
		{665CC416-6924-4212-A9DB-5D2C90FDD4AC}.Debug|Any CPU.Build.0 = Debug|Any CPU
		{665CC416-6924-4212-A9DB-5D2C90FDD4AC}.Debug|Any CPU.Deploy.0 = Debug|Any CPU
		{665CC416-6924-4212-A9DB-5D2C90FDD4AC}.Release|Any CPU.ActiveCfg = Release|Any CPU
		{665CC416-6924-4212-A9DB-5D2C90FDD4AC}.Release|Any CPU.Build.0 = Release|Any CPU
		{665CC416-6924-4212-A9DB-5D2C90FDD4AC}.Release|Any CPU.Deploy.0 = Release|Any CPU
	EndGlobalSection
	GlobalSection(SolutionProperties) = preSolution
		HideSolutionNode = FALSE
	EndGlobalSection
	GlobalSection(NestedProjects) = preSolution
		{5C199042-75F9-4088-86AA-9E99D2CCFE4F} = {98F15998-A1F8-484B-95BD-1D2B7D01CD0E}
		{344039AC-2C6B-4359-9BAA-00FAB699CF98} = {98F15998-A1F8-484B-95BD-1D2B7D01CD0E}
		{A3E2EB3A-ADBE-4BB4-93C7-E4665686CD05} = {98F15998-A1F8-484B-95BD-1D2B7D01CD0E}
		{FD7C3277-2774-4B50-B031-6EBC3730DFA9} = {D4E60D38-F08D-4CE1-8863-F6BEB935E365}
		{1BC3BC5C-705A-4C8B-BCBD-8B90242E0A08} = {D4E60D38-F08D-4CE1-8863-F6BEB935E365}
		{D7A7C9E4-A0B8-4D3F-A580-27382B11C1BD} = {D4E60D38-F08D-4CE1-8863-F6BEB935E365}
		{4F6B29D3-B607-4F5A-9C0C-37ED5CD70599} = {D4E60D38-F08D-4CE1-8863-F6BEB935E365}
		{665CC416-6924-4212-A9DB-5D2C90FDD4AC} = {D4E60D38-F08D-4CE1-8863-F6BEB935E365}
	EndGlobalSection
	GlobalSection(ExtensibilityGlobals) = postSolution
		SolutionGuid = {6E5508FA-0271-4B86-B536-48B532D51034}
	EndGlobalSection
EndGlobal
